
Microsoft Visual Studio Solution File, Format Version 12.00
# Visual Studio Version 16
VisualStudioVersion = 16.0.30330.147
MinimumVisualStudioVersion = 10.0.40219.1
Project("{FAE04EC0-301F-11D3-BF4B-00C04F79EFBC}") = "TurtleChallenge", "TurtleChallenge\TurtleChallenge.csproj", "{5794A8B2-E5CD-4276-A5E1-01521078B63C}"
EndProject
Global
	GlobalSection(SolutionConfigurationPlatforms) = preSolution
		Debug|Any CPU = Debug|Any CPU
		Release|Any CPU = Release|Any CPU
	EndGlobalSection
	GlobalSection(ProjectConfigurationPlatforms) = postSolution
		{5794A8B2-E5CD-4276-A5E1-01521078B63C}.Debug|Any CPU.ActiveCfg = Debug|Any CPU
		{5794A8B2-E5CD-4276-A5E1-01521078B63C}.Debug|Any CPU.Build.0 = Debug|Any CPU
		{5794A8B2-E5CD-4276-A5E1-01521078B63C}.Release|Any CPU.ActiveCfg = Release|Any CPU
		{5794A8B2-E5CD-4276-A5E1-01521078B63C}.Release|Any CPU.Build.0 = Release|Any CPU
	EndGlobalSection
	GlobalSection(SolutionProperties) = preSolution
		HideSolutionNode = FALSE
	EndGlobalSection
	GlobalSection(ExtensibilityGlobals) = postSolution
		SolutionGuid = {F1D1AF2A-183C-4BF2-9496-6EA0EAC57C03}
	EndGlobalSection
EndGlobal
